// !$*UTF8*$!
{
	archiveVersion = 1;
	classes = {
	};
	objectVersion = 50;
	objects = {

/* Begin PBXBuildFile section */
		A3E9282B298CE14F0033C5A8 /* AppDelegate.swift in Sources */ = {isa = PBXBuildFile; fileRef = A3E9282A298CE14F0033C5A8 /* AppDelegate.swift */; };
		A3E9282D298CE14F0033C5A8 /* ViewController.swift in Sources */ = {isa = PBXBuildFile; fileRef = A3E9282C298CE14F0033C5A8 /* ViewController.swift */; };
		A3E92830298CE14F0033C5A8 /* Main.storyboard in Resources */ = {isa = PBXBuildFile; fileRef = A3E9282E298CE14F0033C5A8 /* Main.storyboard */; };
		A3E92832298CE1500033C5A8 /* Assets.xcassets in Resources */ = {isa = PBXBuildFile; fileRef = A3E92831298CE1500033C5A8 /* Assets.xcassets */; };
		A3E92835298CE1500033C5A8 /* LaunchScreen.storyboard in Resources */ = {isa = PBXBuildFile; fileRef = A3E92833298CE1500033C5A8 /* LaunchScreen.storyboard */; };
		A3E92840298CE1500033C5A8 /* Lab4Tests.swift in Sources */ = {isa = PBXBuildFile; fileRef = A3E9283F298CE1500033C5A8 /* Lab4Tests.swift */; };
		A3E9284B298CE1500033C5A8 /* Lab4UITests.swift in Sources */ = {isa = PBXBuildFile; fileRef = A3E9284A298CE1500033C5A8 /* Lab4UITests.swift */; };
		A3E92859298CE5E60033C5A8 /* GreenViewController.swift in Sources */ = {isa = PBXBuildFile; fileRef = A3E92858298CE5E60033C5A8 /* GreenViewController.swift */; };
		A3E9285B298CE7420033C5A8 /* BlueViewController.swift in Sources */ = {isa = PBXBuildFile; fileRef = A3E9285A298CE7420033C5A8 /* BlueViewController.swift */; };
/* End PBXBuildFile section */

/* Begin PBXContainerItemProxy section */
		A3E9283C298CE1500033C5A8 /* PBXContainerItemProxy */ = {
			isa = PBXContainerItemProxy;
			containerPortal = A3E9281F298CE14F0033C5A8 /* Project object */;
			proxyType = 1;
			remoteGlobalIDString = A3E92826298CE14F0033C5A8;
			remoteInfo = Lab4;
		};
		A3E92847298CE1500033C5A8 /* PBXContainerItemProxy */ = {
			isa = PBXContainerItemProxy;
			containerPortal = A3E9281F298CE14F0033C5A8 /* Project object */;
			proxyType = 1;
			remoteGlobalIDString = A3E92826298CE14F0033C5A8;
			remoteInfo = Lab4;
		};
/* End PBXContainerItemProxy section */

/* Begin PBXFileReference section */
		A3E92827298CE14F0033C5A8 /* Lab4.app */ = {isa = PBXFileReference; explicitFileType = wrapper.application; includeInIndex = 0; path = Lab4.app; sourceTree = BUILT_PRODUCTS_DIR; };
		A3E9282A298CE14F0033C5A8 /* AppDelegate.swift */ = {isa = PBXFileReference; lastKnownFileType = sourcecode.swift; path = AppDelegate.swift; sourceTree = "<group>"; };
		A3E9282C298CE14F0033C5A8 /* ViewController.swift */ = {isa = PBXFileReference; lastKnownFileType = sourcecode.swift; path = ViewController.swift; sourceTree = "<group>"; };
		A3E9282F298CE14F0033C5A8 /* Base */ = {isa = PBXFileReference; lastKnownFileType = file.storyboard; name = Base; path = Base.lproj/Main.storyboard; sourceTree = "<group>"; };
		A3E92831298CE1500033C5A8 /* Assets.xcassets */ = {isa = PBXFileReference; lastKnownFileType = folder.assetcatalog; path = Assets.xcassets; sourceTree = "<group>"; };
		A3E92834298CE1500033C5A8 /* Base */ = {isa = PBXFileReference; lastKnownFileType = file.storyboard; name = Base; path = Base.lproj/LaunchScreen.storyboard; sourceTree = "<group>"; };
		A3E92836298CE1500033C5A8 /* Info.plist */ = {isa = PBXFileReference; lastKnownFileType = text.plist.xml; path = Info.plist; sourceTree = "<group>"; };
		A3E9283B298CE1500033C5A8 /* Lab4Tests.xctest */ = {isa = PBXFileReference; explicitFileType = wrapper.cfbundle; includeInIndex = 0; path = Lab4Tests.xctest; sourceTree = BUILT_PRODUCTS_DIR; };
		A3E9283F298CE1500033C5A8 /* Lab4Tests.swift */ = {isa = PBXFileReference; lastKnownFileType = sourcecode.swift; path = Lab4Tests.swift; sourceTree = "<group>"; };
		A3E92841298CE1500033C5A8 /* Info.plist */ = {isa = PBXFileReference; lastKnownFileType = text.plist.xml; path = Info.plist; sourceTree = "<group>"; };
		A3E92846298CE1500033C5A8 /* Lab4UITests.xctest */ = {isa = PBXFileReference; explicitFileType = wrapper.cfbundle; includeInIndex = 0; path = Lab4UITests.xctest; sourceTree = BUILT_PRODUCTS_DIR; };
		A3E9284A298CE1500033C5A8 /* Lab4UITests.swift */ = {isa = PBXFileReference; lastKnownFileType = sourcecode.swift; path = Lab4UITests.swift; sourceTree = "<group>"; };
		A3E9284C298CE1500033C5A8 /* Info.plist */ = {isa = PBXFileReference; lastKnownFileType = text.plist.xml; path = Info.plist; sourceTree = "<group>"; };
		A3E92858298CE5E60033C5A8 /* GreenViewController.swift */ = {isa = PBXFileReference; lastKnownFileType = sourcecode.swift; path = GreenViewController.swift; sourceTree = "<group>"; };
		A3E9285A298CE7420033C5A8 /* BlueViewController.swift */ = {isa = PBXFileReference; lastKnownFileType = sourcecode.swift; path = BlueViewController.swift; sourceTree = "<group>"; };
/* End PBXFileReference section */

/* Begin PBXFrameworksBuildPhase section */
		A3E92824298CE14F0033C5A8 /* Frameworks */ = {
			isa = PBXFrameworksBuildPhase;
			buildActionMask = 2147483647;
			files = (
			);
			runOnlyForDeploymentPostprocessing = 0;
		};
		A3E92838298CE1500033C5A8 /* Frameworks */ = {
			isa = PBXFrameworksBuildPhase;
			buildActionMask = 2147483647;
			files = (
			);
			runOnlyForDeploymentPostprocessing = 0;
		};
		A3E92843298CE1500033C5A8 /* Frameworks */ = {
			isa = PBXFrameworksBuildPhase;
			buildActionMask = 2147483647;
			files = (
			);
			runOnlyForDeploymentPostprocessing = 0;
		};
/* End PBXFrameworksBuildPhase section */

/* Begin PBXGroup section */
		A3E9281E298CE14F0033C5A8 = {
			isa = PBXGroup;
			children = (
				A3E92829298CE14F0033C5A8 /* Lab4 */,
				A3E9283E298CE1500033C5A8 /* Lab4Tests */,
				A3E92849298CE1500033C5A8 /* Lab4UITests */,
				A3E92828298CE14F0033C5A8 /* Products */,
			);
			sourceTree = "<group>";
		};
		A3E92828298CE14F0033C5A8 /* Products */ = {
			isa = PBXGroup;
			children = (
				A3E92827298CE14F0033C5A8 /* Lab4.app */,
				A3E9283B298CE1500033C5A8 /* Lab4Tests.xctest */,
				A3E92846298CE1500033C5A8 /* Lab4UITests.xctest */,
			);
			name = Products;
			sourceTree = "<group>";
		};
		A3E92829298CE14F0033C5A8 /* Lab4 */ = {
			isa = PBXGroup;
			children = (
				A3E9282A298CE14F0033C5A8 /* AppDelegate.swift */,
				A3E9282C298CE14F0033C5A8 /* ViewController.swift */,
				A3E9282E298CE14F0033C5A8 /* Main.storyboard */,
				A3E92831298CE1500033C5A8 /* Assets.xcassets */,
				A3E92833298CE1500033C5A8 /* LaunchScreen.storyboard */,
				A3E92836298CE1500033C5A8 /* Info.plist */,
				A3E92858298CE5E60033C5A8 /* GreenViewController.swift */,
				A3E9285A298CE7420033C5A8 /* BlueViewController.swift */,
			);
			path = Lab4;
			sourceTree = "<group>";
		};
		A3E9283E298CE1500033C5A8 /* Lab4Tests */ = {
			isa = PBXGroup;
			children = (
				A3E9283F298CE1500033C5A8 /* Lab4Tests.swift */,
				A3E92841298CE1500033C5A8 /* Info.plist */,
			);
			path = Lab4Tests;
			sourceTree = "<group>";
		};
		A3E92849298CE1500033C5A8 /* Lab4UITests */ = {
			isa = PBXGroup;
			children = (
				A3E9284A298CE1500033C5A8 /* Lab4UITests.swift */,
				A3E9284C298CE1500033C5A8 /* Info.plist */,
			);
			path = Lab4UITests;
			sourceTree = "<group>";
		};
/* End PBXGroup section */

/* Begin PBXNativeTarget section */
		A3E92826298CE14F0033C5A8 /* Lab4 */ = {
			isa = PBXNativeTarget;
			buildConfigurationList = A3E9284F298CE1500033C5A8 /* Build configuration list for PBXNativeTarget "Lab4" */;
			buildPhases = (
				A3E92823298CE14F0033C5A8 /* Sources */,
				A3E92824298CE14F0033C5A8 /* Frameworks */,
				A3E92825298CE14F0033C5A8 /* Resources */,
			);
			buildRules = (
			);
			dependencies = (
			);
			name = Lab4;
			productName = Lab4;
			productReference = A3E92827298CE14F0033C5A8 /* Lab4.app */;
			productType = "com.apple.product-type.application";
		};
		A3E9283A298CE1500033C5A8 /* Lab4Tests */ = {
			isa = PBXNativeTarget;
			buildConfigurationList = A3E92852298CE1500033C5A8 /* Build configuration list for PBXNativeTarget "Lab4Tests" */;
			buildPhases = (
				A3E92837298CE1500033C5A8 /* Sources */,
				A3E92838298CE1500033C5A8 /* Frameworks */,
				A3E92839298CE1500033C5A8 /* Resources */,
			);
			buildRules = (
			);
			dependencies = (
				A3E9283D298CE1500033C5A8 /* PBXTargetDependency */,
			);
			name = Lab4Tests;
			productName = Lab4Tests;
			productReference = A3E9283B298CE1500033C5A8 /* Lab4Tests.xctest */;
			productType = "com.apple.product-type.bundle.unit-test";
		};
		A3E92845298CE1500033C5A8 /* Lab4UITests */ = {
			isa = PBXNativeTarget;
			buildConfigurationList = A3E92855298CE1500033C5A8 /* Build configuration list for PBXNativeTarget "Lab4UITests" */;
			buildPhases = (
				A3E92842298CE1500033C5A8 /* Sources */,
				A3E92843298CE1500033C5A8 /* Frameworks */,
				A3E92844298CE1500033C5A8 /* Resources */,
			);
			buildRules = (
			);
			dependencies = (
				A3E92848298CE1500033C5A8 /* PBXTargetDependency */,
			);
			name = Lab4UITests;
			productName = Lab4UITests;
			productReference = A3E92846298CE1500033C5A8 /* Lab4UITests.xctest */;
			productType = "com.apple.product-type.bundle.ui-testing";
		};
/* End PBXNativeTarget section */

/* Begin PBXProject section */
		A3E9281F298CE14F0033C5A8 /* Project object */ = {
			isa = PBXProject;
			attributes = {
				LastSwiftUpdateCheck = 0940;
				LastUpgradeCheck = 0940;
				ORGANIZATIONNAME = laptop;
				TargetAttributes = {
					A3E92826298CE14F0033C5A8 = {
						CreatedOnToolsVersion = 9.4.1;
					};
					A3E9283A298CE1500033C5A8 = {
						CreatedOnToolsVersion = 9.4.1;
						TestTargetID = A3E92826298CE14F0033C5A8;
					};
					A3E92845298CE1500033C5A8 = {
						CreatedOnToolsVersion = 9.4.1;
						TestTargetID = A3E92826298CE14F0033C5A8;
					};
				};
			};
			buildConfigurationList = A3E92822298CE14F0033C5A8 /* Build configuration list for PBXProject "Lab4" */;
			compatibilityVersion = "Xcode 9.3";
			developmentRegion = en;
			hasScannedForEncodings = 0;
			knownRegions = (
				en,
				Base,
			);
			mainGroup = A3E9281E298CE14F0033C5A8;
			productRefGroup = A3E92828298CE14F0033C5A8 /* Products */;
			projectDirPath = "";
			projectRoot = "";
			targets = (
				A3E92826298CE14F0033C5A8 /* Lab4 */,
				A3E9283A298CE1500033C5A8 /* Lab4Tests */,
				A3E92845298CE1500033C5A8 /* Lab4UITests */,
			);
		};
/* End PBXProject section */

/* Begin PBXResourcesBuildPhase section */
		A3E92825298CE14F0033C5A8 /* Resources */ = {
			isa = PBXResourcesBuildPhase;
			buildActionMask = 2147483647;
			files = (
				A3E92835298CE1500033C5A8 /* LaunchScreen.storyboard in Resources */,
				A3E92832298CE1500033C5A8 /* Assets.xcassets in Resources */,
				A3E92830298CE14F0033C5A8 /* Main.storyboard in Resources */,
			);
			runOnlyForDeploymentPostprocessing = 0;
		};
		A3E92839298CE1500033C5A8 /* Resources */ = {
			isa = PBXResourcesBuildPhase;
			buildActionMask = 2147483647;
			files = (
			);
			runOnlyForDeploymentPostprocessing = 0;
		};
		A3E92844298CE1500033C5A8 /* Resources */ = {
			isa = PBXResourcesBuildPhase;
			buildActionMask = 2147483647;
			files = (
			);
			runOnlyForDeploymentPostprocessing = 0;
		};
/* End PBXResourcesBuildPhase section */

/* Begin PBXSourcesBuildPhase section */
		A3E92823298CE14F0033C5A8 /* Sources */ = {
			isa = PBXSourcesBuildPhase;
			buildActionMask = 2147483647;
			files = (
				A3E92859298CE5E60033C5A8 /* GreenViewController.swift in Sources */,
				A3E9282D298CE14F0033C5A8 /* ViewController.swift in Sources */,
				A3E9285B298CE7420033C5A8 /* BlueViewController.swift in Sources */,
				A3E9282B298CE14F0033C5A8 /* AppDelegate.swift in Sources */,
			);
			runOnlyForDeploymentPostprocessing = 0;
		};
		A3E92837298CE1500033C5A8 /* Sources */ = {
			isa = PBXSourcesBuildPhase;
			buildActionMask = 2147483647;
			files = (
				A3E92840298CE1500033C5A8 /* Lab4Tests.swift in Sources */,
			);
			runOnlyForDeploymentPostprocessing = 0;
		};
		A3E92842298CE1500033C5A8 /* Sources */ = {
			isa = PBXSourcesBuildPhase;
			buildActionMask = 2147483647;
			files = (
				A3E9284B298CE1500033C5A8 /* Lab4UITests.swift in Sources */,
			);
			runOnlyForDeploymentPostprocessing = 0;
		};
/* End PBXSourcesBuildPhase section */

/* Begin PBXTargetDependency section */
		A3E9283D298CE1500033C5A8 /* PBXTargetDependency */ = {
			isa = PBXTargetDependency;
			target = A3E92826298CE14F0033C5A8 /* Lab4 */;
			targetProxy = A3E9283C298CE1500033C5A8 /* PBXContainerItemProxy */;
		};
		A3E92848298CE1500033C5A8 /* PBXTargetDependency */ = {
			isa = PBXTargetDependency;
			target = A3E92826298CE14F0033C5A8 /* Lab4 */;
			targetProxy = A3E92847298CE1500033C5A8 /* PBXContainerItemProxy */;
		};
/* End PBXTargetDependency section */

/* Begin PBXVariantGroup section */
		A3E9282E298CE14F0033C5A8 /* Main.storyboard */ = {
			isa = PBXVariantGroup;
			children = (
				A3E9282F298CE14F0033C5A8 /* Base */,
			);
			name = Main.storyboard;
			sourceTree = "<group>";
		};
		A3E92833298CE1500033C5A8 /* LaunchScreen.storyboard */ = {
			isa = PBXVariantGroup;
			children = (
				A3E92834298CE1500033C5A8 /* Base */,
			);
			name = LaunchScreen.storyboard;
			sourceTree = "<group>";
		};
/* End PBXVariantGroup section */

/* Begin XCBuildConfiguration section */
		A3E9284D298CE1500033C5A8 /* Debug */ = {
			isa = XCBuildConfiguration;
			buildSettings = {
				ALWAYS_SEARCH_USER_PATHS = NO;
				CLANG_ANALYZER_NONNULL = YES;
				CLANG_ANALYZER_NUMBER_OBJECT_CONVERSION = YES_AGGRESSIVE;
				CLANG_CXX_LANGUAGE_STANDARD = "gnu++14";
				CLANG_CXX_LIBRARY = "libc++";
				CLANG_ENABLE_MODULES = YES;
				CLANG_ENABLE_OBJC_ARC = YES;
				CLANG_ENABLE_OBJC_WEAK = YES;
				CLANG_WARN_BLOCK_CAPTURE_AUTORELEASING = YES;
				CLANG_WARN_BOOL_CONVERSION = YES;
				CLANG_WARN_COMMA = YES;
				CLANG_WARN_CONSTANT_CONVERSION = YES;
				CLANG_WARN_DEPRECATED_OBJC_IMPLEMENTATIONS = YES;
				CLANG_WARN_DIRECT_OBJC_ISA_USAGE = YES_ERROR;
				CLANG_WARN_DOCUMENTATION_COMMENTS = YES;
				CLANG_WARN_EMPTY_BODY = YES;
				CLANG_WARN_ENUM_CONVERSION = YES;
				CLANG_WARN_INFINITE_RECURSION = YES;
				CLANG_WARN_INT_CONVERSION = YES;
				CLANG_WARN_NON_LITERAL_NULL_CONVERSION = YES;
				CLANG_WARN_OBJC_IMPLICIT_RETAIN_SELF = YES;
				CLANG_WARN_OBJC_LITERAL_CONVERSION = YES;
				CLANG_WARN_OBJC_ROOT_CLASS = YES_ERROR;
				CLANG_WARN_RANGE_LOOP_ANALYSIS = YES;
				CLANG_WARN_STRICT_PROTOTYPES = YES;
				CLANG_WARN_SUSPICIOUS_MOVE = YES;
				CLANG_WARN_UNGUARDED_AVAILABILITY = YES_AGGRESSIVE;
				CLANG_WARN_UNREACHABLE_CODE = YES;
				CLANG_WARN__DUPLICATE_METHOD_MATCH = YES;
				CODE_SIGN_IDENTITY = "iPhone Developer";
				COPY_PHASE_STRIP = NO;
				DEBUG_INFORMATION_FORMAT = dwarf;
				ENABLE_STRICT_OBJC_MSGSEND = YES;
				ENABLE_TESTABILITY = YES;
				GCC_C_LANGUAGE_STANDARD = gnu11;
				GCC_DYNAMIC_NO_PIC = NO;
				GCC_NO_COMMON_BLOCKS = YES;
				GCC_OPTIMIZATION_LEVEL = 0;
				GCC_PREPROCESSOR_DEFINITIONS = (
					"DEBUG=1",
					"$(inherited)",
				);
				GCC_WARN_64_TO_32_BIT_CONVERSION = YES;
				GCC_WARN_ABOUT_RETURN_TYPE = YES_ERROR;
				GCC_WARN_UNDECLARED_SELECTOR = YES;
				GCC_WARN_UNINITIALIZED_AUTOS = YES_AGGRESSIVE;
				GCC_WARN_UNUSED_FUNCTION = YES;
				GCC_WARN_UNUSED_VARIABLE = YES;
				IPHONEOS_DEPLOYMENT_TARGET = 11.4;
				MTL_ENABLE_DEBUG_INFO = YES;
				ONLY_ACTIVE_ARCH = YES;
				SDKROOT = iphoneos;
				SWIFT_ACTIVE_COMPILATION_CONDITIONS = DEBUG;
				SWIFT_OPTIMIZATION_LEVEL = "-Onone";
			};
			name = Debug;
		};
		A3E9284E298CE1500033C5A8 /* Release */ = {
			isa = XCBuildConfiguration;
			buildSettings = {
				ALWAYS_SEARCH_USER_PATHS = NO;
				CLANG_ANALYZER_NONNULL = YES;
				CLANG_ANALYZER_NUMBER_OBJECT_CONVERSION = YES_AGGRESSIVE;
				CLANG_CXX_LANGUAGE_STANDARD = "gnu++14";
				CLANG_CXX_LIBRARY = "libc++";
				CLANG_ENABLE_MODULES = YES;
				CLANG_ENABLE_OBJC_ARC = YES;
				CLANG_ENABLE_OBJC_WEAK = YES;
				CLANG_WARN_BLOCK_CAPTURE_AUTORELEASING = YES;
				CLANG_WARN_BOOL_CONVERSION = YES;
				CLANG_WARN_COMMA = YES;
				CLANG_WARN_CONSTANT_CONVERSION = YES;
				CLANG_WARN_DEPRECATED_OBJC_IMPLEMENTATIONS = YES;
				CLANG_WARN_DIRECT_OBJC_ISA_USAGE = YES_ERROR;
				CLANG_WARN_DOCUMENTATION_COMMENTS = YES;
				CLANG_WARN_EMPTY_BODY = YES;
				CLANG_WARN_ENUM_CONVERSION = YES;
				CLANG_WARN_INFINITE_RECURSION = YES;
				CLANG_WARN_INT_CONVERSION = YES;
				CLANG_WARN_NON_LITERAL_NULL_CONVERSION = YES;
				CLANG_WARN_OBJC_IMPLICIT_RETAIN_SELF = YES;
				CLANG_WARN_OBJC_LITERAL_CONVERSION = YES;
				CLANG_WARN_OBJC_ROOT_CLASS = YES_ERROR;
				CLANG_WARN_RANGE_LOOP_ANALYSIS = YES;
				CLANG_WARN_STRICT_PROTOTYPES = YES;
				CLANG_WARN_SUSPICIOUS_MOVE = YES;
				CLANG_WARN_UNGUARDED_AVAILABILITY = YES_AGGRESSIVE;
				CLANG_WARN_UNREACHABLE_CODE = YES;
				CLANG_WARN__DUPLICATE_METHOD_MATCH = YES;
				CODE_SIGN_IDENTITY = "iPhone Developer";
				COPY_PHASE_STRIP = NO;
				DEBUG_INFORMATION_FORMAT = "dwarf-with-dsym";
				ENABLE_NS_ASSERTIONS = NO;
				ENABLE_STRICT_OBJC_MSGSEND = YES;
				GCC_C_LANGUAGE_STANDARD = gnu11;
				GCC_NO_COMMON_BLOCKS = YES;
				GCC_WARN_64_TO_32_BIT_CONVERSION = YES;
				GCC_WARN_ABOUT_RETURN_TYPE = YES_ERROR;
				GCC_WARN_UNDECLARED_SELECTOR = YES;
				GCC_WARN_UNINITIALIZED_AUTOS = YES_AGGRESSIVE;
				GCC_WARN_UNUSED_FUNCTION = YES;
				GCC_WARN_UNUSED_VARIABLE = YES;
				IPHONEOS_DEPLOYMENT_TARGET = 11.4;
				MTL_ENABLE_DEBUG_INFO = NO;
				SDKROOT = iphoneos;
				SWIFT_COMPILATION_MODE = wholemodule;
				SWIFT_OPTIMIZATION_LEVEL = "-O";
				VALIDATE_PRODUCT = YES;
			};
			name = Release;
		};
		A3E92850298CE1500033C5A8 /* Debug */ = {
			isa = XCBuildConfiguration;
			buildSettings = {
				ASSETCATALOG_COMPILER_APPICON_NAME = AppIcon;
				CODE_SIGN_STYLE = Automatic;
				INFOPLIST_FILE = Lab4/Info.plist;
				LD_RUNPATH_SEARCH_PATHS = (
					"$(inherited)",
					"@executable_path/Frameworks",
				);
				PRODUCT_BUNDLE_IDENTIFIER = com.Lab4;
				PRODUCT_NAME = "$(TARGET_NAME)";
				SWIFT_VERSION = 4.0;
				TARGETED_DEVICE_FAMILY = "1,2";
			};
			name = Debug;
		};
		A3E92851298CE1500033C5A8 /* Release */ = {
			isa = XCBuildConfiguration;
			buildSettings = {
				ASSETCATALOG_COMPILER_APPICON_NAME = AppIcon;
				CODE_SIGN_STYLE = Automatic;
				INFOPLIST_FILE = Lab4/Info.plist;
				LD_RUNPATH_SEARCH_PATHS = (
					"$(inherited)",
					"@executable_path/Frameworks",
				);
				PRODUCT_BUNDLE_IDENTIFIER = com.Lab4;
				PRODUCT_NAME = "$(TARGET_NAME)";
				SWIFT_VERSION = 4.0;
				TARGETED_DEVICE_FAMILY = "1,2";
			};
			name = Release;
		};
		A3E92853298CE1500033C5A8 /* Debug */ = {
			isa = XCBuildConfiguration;
			buildSettings = {
				ALWAYS_EMBED_SWIFT_STANDARD_LIBRARIES = YES;
				BUNDLE_LOADER = "$(TEST_HOST)";
				CODE_SIGN_STYLE = Automatic;
				INFOPLIST_FILE = Lab4Tests/Info.plist;
				LD_RUNPATH_SEARCH_PATHS = (
					"$(inherited)",
					"@executable_path/Frameworks",
					"@loader_path/Frameworks",
				);
				PRODUCT_BUNDLE_IDENTIFIER = com.Lab4Tests;
				PRODUCT_NAME = "$(TARGET_NAME)";
				SWIFT_VERSION = 4.0;
				TARGETED_DEVICE_FAMILY = "1,2";
				TEST_HOST = "$(BUILT_PRODUCTS_DIR)/Lab4.app/Lab4";
			};
			name = Debug;
		};
		A3E92854298CE1500033C5A8 /* Release */ = {
			isa = XCBuildConfiguration;
			buildSettings = {
				ALWAYS_EMBED_SWIFT_STANDARD_LIBRARIES = YES;
				BUNDLE_LOADER = "$(TEST_HOST)";
				CODE_SIGN_STYLE = Automatic;
				INFOPLIST_FILE = Lab4Tests/Info.plist;
				LD_RUNPATH_SEARCH_PATHS = (
					"$(inherited)",
					"@executable_path/Frameworks",
					"@loader_path/Frameworks",
				);
				PRODUCT_BUNDLE_IDENTIFIER = com.Lab4Tests;
				PRODUCT_NAME = "$(TARGET_NAME)";
				SWIFT_VERSION = 4.0;
				TARGETED_DEVICE_FAMILY = "1,2";
				TEST_HOST = "$(BUILT_PRODUCTS_DIR)/Lab4.app/Lab4";
			};
			name = Release;
		};
		A3E92856298CE1500033C5A8 /* Debug */ = {
			isa = XCBuildConfiguration;
			buildSettings = {
				ALWAYS_EMBED_SWIFT_STANDARD_LIBRARIES = YES;
				CODE_SIGN_STYLE = Automatic;
				INFOPLIST_FILE = Lab4UITests/Info.plist;
				LD_RUNPATH_SEARCH_PATHS = (
					"$(inherited)",
					"@executable_path/Frameworks",
					"@loader_path/Frameworks",
				);
				PRODUCT_BUNDLE_IDENTIFIER = com.Lab4UITests;
				PRODUCT_NAME = "$(TARGET_NAME)";
				SWIFT_VERSION = 4.0;
				TARGETED_DEVICE_FAMILY = "1,2";
				TEST_TARGET_NAME = Lab4;
			};
			name = Debug;
		};
		A3E92857298CE1500033C5A8 /* Release */ = {
			isa = XCBuildConfiguration;
			buildSettings = {
				ALWAYS_EMBED_SWIFT_STANDARD_LIBRARIES = YES;
				CODE_SIGN_STYLE = Automatic;
				INFOPLIST_FILE = Lab4UITests/Info.plist;
				LD_RUNPATH_SEARCH_PATHS = (
					"$(inherited)",
					"@executable_path/Frameworks",
					"@loader_path/Frameworks",
				);
				PRODUCT_BUNDLE_IDENTIFIER = com.Lab4UITests;
				PRODUCT_NAME = "$(TARGET_NAME)";
				SWIFT_VERSION = 4.0;
				TARGETED_DEVICE_FAMILY = "1,2";
				TEST_TARGET_NAME = Lab4;
			};
			name = Release;
		};
/* End XCBuildConfiguration section */

/* Begin XCConfigurationList section */
		A3E92822298CE14F0033C5A8 /* Build configuration list for PBXProject "Lab4" */ = {
			isa = XCConfigurationList;
			buildConfigurations = (
				A3E9284D298CE1500033C5A8 /* Debug */,
				A3E9284E298CE1500033C5A8 /* Release */,
			);
			defaultConfigurationIsVisible = 0;
			defaultConfigurationName = Release;
		};
		A3E9284F298CE1500033C5A8 /* Build configuration list for PBXNativeTarget "Lab4" */ = {
			isa = XCConfigurationList;
			buildConfigurations = (
				A3E92850298CE1500033C5A8 /* Debug */,
				A3E92851298CE1500033C5A8 /* Release */,
			);
			defaultConfigurationIsVisible = 0;
			defaultConfigurationName = Release;
		};
		A3E92852298CE1500033C5A8 /* Build configuration list for PBXNativeTarget "Lab4Tests" */ = {
			isa = XCConfigurationList;
			buildConfigurations = (
				A3E92853298CE1500033C5A8 /* Debug */,
				A3E92854298CE1500033C5A8 /* Release */,
			);
			defaultConfigurationIsVisible = 0;
			defaultConfigurationName = Release;
		};
		A3E92855298CE1500033C5A8 /* Build configuration list for PBXNativeTarget "Lab4UITests" */ = {
			isa = XCConfigurationList;
			buildConfigurations = (
				A3E92856298CE1500033C5A8 /* Debug */,
				A3E92857298CE1500033C5A8 /* Release */,
			);
			defaultConfigurationIsVisible = 0;
			defaultConfigurationName = Release;
		};
/* End XCConfigurationList section */
	};
	rootObject = A3E9281F298CE14F0033C5A8 /* Project object */;
}
