// !$*UTF8*$!
{
	archiveVersion = 1;
	classes = {
	};
	objectVersion = 50;
	objects = {

/* Begin PBXBuildFile section */
		A349D9C32994A61D00FB6CFD /* AppDelegate.swift in Sources */ = {isa = PBXBuildFile; fileRef = A349D9C22994A61D00FB6CFD /* AppDelegate.swift */; };
		A349D9C52994A61D00FB6CFD /* ViewController.swift in Sources */ = {isa = PBXBuildFile; fileRef = A349D9C42994A61D00FB6CFD /* ViewController.swift */; };
		A349D9C82994A61D00FB6CFD /* Main.storyboard in Resources */ = {isa = PBXBuildFile; fileRef = A349D9C62994A61D00FB6CFD /* Main.storyboard */; };
		A349D9CA2994A61E00FB6CFD /* Assets.xcassets in Resources */ = {isa = PBXBuildFile; fileRef = A349D9C92994A61E00FB6CFD /* Assets.xcassets */; };
		A349D9CD2994A61E00FB6CFD /* LaunchScreen.storyboard in Resources */ = {isa = PBXBuildFile; fileRef = A349D9CB2994A61E00FB6CFD /* LaunchScreen.storyboard */; };
		A349D9D82994A61E00FB6CFD /* Lab04Tests.swift in Sources */ = {isa = PBXBuildFile; fileRef = A349D9D72994A61E00FB6CFD /* Lab04Tests.swift */; };
		A349D9E32994A61F00FB6CFD /* Lab04UITests.swift in Sources */ = {isa = PBXBuildFile; fileRef = A349D9E22994A61F00FB6CFD /* Lab04UITests.swift */; };
		A349D9F12994AB7600FB6CFD /* GreenViewController.swift in Sources */ = {isa = PBXBuildFile; fileRef = A349D9F02994AB7600FB6CFD /* GreenViewController.swift */; };
		A349D9F32994AC8100FB6CFD /* BlueViewController.swift in Sources */ = {isa = PBXBuildFile; fileRef = A349D9F22994AC8100FB6CFD /* BlueViewController.swift */; };
/* End PBXBuildFile section */

/* Begin PBXContainerItemProxy section */
		A349D9D42994A61E00FB6CFD /* PBXContainerItemProxy */ = {
			isa = PBXContainerItemProxy;
			containerPortal = A349D9B72994A61D00FB6CFD /* Project object */;
			proxyType = 1;
			remoteGlobalIDString = A349D9BE2994A61D00FB6CFD;
			remoteInfo = Lab04;
		};
		A349D9DF2994A61F00FB6CFD /* PBXContainerItemProxy */ = {
			isa = PBXContainerItemProxy;
			containerPortal = A349D9B72994A61D00FB6CFD /* Project object */;
			proxyType = 1;
			remoteGlobalIDString = A349D9BE2994A61D00FB6CFD;
			remoteInfo = Lab04;
		};
/* End PBXContainerItemProxy section */

/* Begin PBXFileReference section */
		A349D9BF2994A61D00FB6CFD /* Lab04.app */ = {isa = PBXFileReference; explicitFileType = wrapper.application; includeInIndex = 0; path = Lab04.app; sourceTree = BUILT_PRODUCTS_DIR; };
		A349D9C22994A61D00FB6CFD /* AppDelegate.swift */ = {isa = PBXFileReference; lastKnownFileType = sourcecode.swift; path = AppDelegate.swift; sourceTree = "<group>"; };
		A349D9C42994A61D00FB6CFD /* ViewController.swift */ = {isa = PBXFileReference; lastKnownFileType = sourcecode.swift; path = ViewController.swift; sourceTree = "<group>"; };
		A349D9C72994A61D00FB6CFD /* Base */ = {isa = PBXFileReference; lastKnownFileType = file.storyboard; name = Base; path = Base.lproj/Main.storyboard; sourceTree = "<group>"; };
		A349D9C92994A61E00FB6CFD /* Assets.xcassets */ = {isa = PBXFileReference; lastKnownFileType = folder.assetcatalog; path = Assets.xcassets; sourceTree = "<group>"; };
		A349D9CC2994A61E00FB6CFD /* Base */ = {isa = PBXFileReference; lastKnownFileType = file.storyboard; name = Base; path = Base.lproj/LaunchScreen.storyboard; sourceTree = "<group>"; };
		A349D9CE2994A61E00FB6CFD /* Info.plist */ = {isa = PBXFileReference; lastKnownFileType = text.plist.xml; path = Info.plist; sourceTree = "<group>"; };
		A349D9D32994A61E00FB6CFD /* Lab04Tests.xctest */ = {isa = PBXFileReference; explicitFileType = wrapper.cfbundle; includeInIndex = 0; path = Lab04Tests.xctest; sourceTree = BUILT_PRODUCTS_DIR; };
		A349D9D72994A61E00FB6CFD /* Lab04Tests.swift */ = {isa = PBXFileReference; lastKnownFileType = sourcecode.swift; path = Lab04Tests.swift; sourceTree = "<group>"; };
		A349D9D92994A61E00FB6CFD /* Info.plist */ = {isa = PBXFileReference; lastKnownFileType = text.plist.xml; path = Info.plist; sourceTree = "<group>"; };
		A349D9DE2994A61F00FB6CFD /* Lab04UITests.xctest */ = {isa = PBXFileReference; explicitFileType = wrapper.cfbundle; includeInIndex = 0; path = Lab04UITests.xctest; sourceTree = BUILT_PRODUCTS_DIR; };
		A349D9E22994A61F00FB6CFD /* Lab04UITests.swift */ = {isa = PBXFileReference; lastKnownFileType = sourcecode.swift; path = Lab04UITests.swift; sourceTree = "<group>"; };
		A349D9E42994A61F00FB6CFD /* Info.plist */ = {isa = PBXFileReference; lastKnownFileType = text.plist.xml; path = Info.plist; sourceTree = "<group>"; };
		A349D9F02994AB7600FB6CFD /* GreenViewController.swift */ = {isa = PBXFileReference; lastKnownFileType = sourcecode.swift; path = GreenViewController.swift; sourceTree = "<group>"; };
		A349D9F22994AC8100FB6CFD /* BlueViewController.swift */ = {isa = PBXFileReference; lastKnownFileType = sourcecode.swift; path = BlueViewController.swift; sourceTree = "<group>"; };
/* End PBXFileReference section */

/* Begin PBXFrameworksBuildPhase section */
		A349D9BC2994A61D00FB6CFD /* Frameworks */ = {
			isa = PBXFrameworksBuildPhase;
			buildActionMask = 2147483647;
			files = (
			);
			runOnlyForDeploymentPostprocessing = 0;
		};
		A349D9D02994A61E00FB6CFD /* Frameworks */ = {
			isa = PBXFrameworksBuildPhase;
			buildActionMask = 2147483647;
			files = (
			);
			runOnlyForDeploymentPostprocessing = 0;
		};
		A349D9DB2994A61F00FB6CFD /* Frameworks */ = {
			isa = PBXFrameworksBuildPhase;
			buildActionMask = 2147483647;
			files = (
			);
			runOnlyForDeploymentPostprocessing = 0;
		};
/* End PBXFrameworksBuildPhase section */

/* Begin PBXGroup section */
		A349D9B62994A61D00FB6CFD = {
			isa = PBXGroup;
			children = (
				A349D9C12994A61D00FB6CFD /* Lab04 */,
				A349D9D62994A61E00FB6CFD /* Lab04Tests */,
				A349D9E12994A61F00FB6CFD /* Lab04UITests */,
				A349D9C02994A61D00FB6CFD /* Products */,
			);
			sourceTree = "<group>";
		};
		A349D9C02994A61D00FB6CFD /* Products */ = {
			isa = PBXGroup;
			children = (
				A349D9BF2994A61D00FB6CFD /* Lab04.app */,
				A349D9D32994A61E00FB6CFD /* Lab04Tests.xctest */,
				A349D9DE2994A61F00FB6CFD /* Lab04UITests.xctest */,
			);
			name = Products;
			sourceTree = "<group>";
		};
		A349D9C12994A61D00FB6CFD /* Lab04 */ = {
			isa = PBXGroup;
			children = (
				A349D9C22994A61D00FB6CFD /* AppDelegate.swift */,
				A349D9C42994A61D00FB6CFD /* ViewController.swift */,
				A349D9C62994A61D00FB6CFD /* Main.storyboard */,
				A349D9C92994A61E00FB6CFD /* Assets.xcassets */,
				A349D9CB2994A61E00FB6CFD /* LaunchScreen.storyboard */,
				A349D9CE2994A61E00FB6CFD /* Info.plist */,
				A349D9F02994AB7600FB6CFD /* GreenViewController.swift */,
				A349D9F22994AC8100FB6CFD /* BlueViewController.swift */,
			);
			path = Lab04;
			sourceTree = "<group>";
		};
		A349D9D62994A61E00FB6CFD /* Lab04Tests */ = {
			isa = PBXGroup;
			children = (
				A349D9D72994A61E00FB6CFD /* Lab04Tests.swift */,
				A349D9D92994A61E00FB6CFD /* Info.plist */,
			);
			path = Lab04Tests;
			sourceTree = "<group>";
		};
		A349D9E12994A61F00FB6CFD /* Lab04UITests */ = {
			isa = PBXGroup;
			children = (
				A349D9E22994A61F00FB6CFD /* Lab04UITests.swift */,
				A349D9E42994A61F00FB6CFD /* Info.plist */,
			);
			path = Lab04UITests;
			sourceTree = "<group>";
		};
/* End PBXGroup section */

/* Begin PBXNativeTarget section */
		A349D9BE2994A61D00FB6CFD /* Lab04 */ = {
			isa = PBXNativeTarget;
			buildConfigurationList = A349D9E72994A61F00FB6CFD /* Build configuration list for PBXNativeTarget "Lab04" */;
			buildPhases = (
				A349D9BB2994A61D00FB6CFD /* Sources */,
				A349D9BC2994A61D00FB6CFD /* Frameworks */,
				A349D9BD2994A61D00FB6CFD /* Resources */,
			);
			buildRules = (
			);
			dependencies = (
			);
			name = Lab04;
			productName = Lab04;
			productReference = A349D9BF2994A61D00FB6CFD /* Lab04.app */;
			productType = "com.apple.product-type.application";
		};
		A349D9D22994A61E00FB6CFD /* Lab04Tests */ = {
			isa = PBXNativeTarget;
			buildConfigurationList = A349D9EA2994A61F00FB6CFD /* Build configuration list for PBXNativeTarget "Lab04Tests" */;
			buildPhases = (
				A349D9CF2994A61E00FB6CFD /* Sources */,
				A349D9D02994A61E00FB6CFD /* Frameworks */,
				A349D9D12994A61E00FB6CFD /* Resources */,
			);
			buildRules = (
			);
			dependencies = (
				A349D9D52994A61E00FB6CFD /* PBXTargetDependency */,
			);
			name = Lab04Tests;
			productName = Lab04Tests;
			productReference = A349D9D32994A61E00FB6CFD /* Lab04Tests.xctest */;
			productType = "com.apple.product-type.bundle.unit-test";
		};
		A349D9DD2994A61F00FB6CFD /* Lab04UITests */ = {
			isa = PBXNativeTarget;
			buildConfigurationList = A349D9ED2994A61F00FB6CFD /* Build configuration list for PBXNativeTarget "Lab04UITests" */;
			buildPhases = (
				A349D9DA2994A61F00FB6CFD /* Sources */,
				A349D9DB2994A61F00FB6CFD /* Frameworks */,
				A349D9DC2994A61F00FB6CFD /* Resources */,
			);
			buildRules = (
			);
			dependencies = (
				A349D9E02994A61F00FB6CFD /* PBXTargetDependency */,
			);
			name = Lab04UITests;
			productName = Lab04UITests;
			productReference = A349D9DE2994A61F00FB6CFD /* Lab04UITests.xctest */;
			productType = "com.apple.product-type.bundle.ui-testing";
		};
/* End PBXNativeTarget section */

/* Begin PBXProject section */
		A349D9B72994A61D00FB6CFD /* Project object */ = {
			isa = PBXProject;
			attributes = {
				LastSwiftUpdateCheck = 0940;
				LastUpgradeCheck = 0940;
				ORGANIZATIONNAME = laptop;
				TargetAttributes = {
					A349D9BE2994A61D00FB6CFD = {
						CreatedOnToolsVersion = 9.4.1;
					};
					A349D9D22994A61E00FB6CFD = {
						CreatedOnToolsVersion = 9.4.1;
						TestTargetID = A349D9BE2994A61D00FB6CFD;
					};
					A349D9DD2994A61F00FB6CFD = {
						CreatedOnToolsVersion = 9.4.1;
						TestTargetID = A349D9BE2994A61D00FB6CFD;
					};
				};
			};
			buildConfigurationList = A349D9BA2994A61D00FB6CFD /* Build configuration list for PBXProject "Lab04" */;
			compatibilityVersion = "Xcode 9.3";
			developmentRegion = en;
			hasScannedForEncodings = 0;
			knownRegions = (
				en,
				Base,
			);
			mainGroup = A349D9B62994A61D00FB6CFD;
			productRefGroup = A349D9C02994A61D00FB6CFD /* Products */;
			projectDirPath = "";
			projectRoot = "";
			targets = (
				A349D9BE2994A61D00FB6CFD /* Lab04 */,
				A349D9D22994A61E00FB6CFD /* Lab04Tests */,
				A349D9DD2994A61F00FB6CFD /* Lab04UITests */,
			);
		};
/* End PBXProject section */

/* Begin PBXResourcesBuildPhase section */
		A349D9BD2994A61D00FB6CFD /* Resources */ = {
			isa = PBXResourcesBuildPhase;
			buildActionMask = 2147483647;
			files = (
				A349D9CD2994A61E00FB6CFD /* LaunchScreen.storyboard in Resources */,
				A349D9CA2994A61E00FB6CFD /* Assets.xcassets in Resources */,
				A349D9C82994A61D00FB6CFD /* Main.storyboard in Resources */,
			);
			runOnlyForDeploymentPostprocessing = 0;
		};
		A349D9D12994A61E00FB6CFD /* Resources */ = {
			isa = PBXResourcesBuildPhase;
			buildActionMask = 2147483647;
			files = (
			);
			runOnlyForDeploymentPostprocessing = 0;
		};
		A349D9DC2994A61F00FB6CFD /* Resources */ = {
			isa = PBXResourcesBuildPhase;
			buildActionMask = 2147483647;
			files = (
			);
			runOnlyForDeploymentPostprocessing = 0;
		};
/* End PBXResourcesBuildPhase section */

/* Begin PBXSourcesBuildPhase section */
		A349D9BB2994A61D00FB6CFD /* Sources */ = {
			isa = PBXSourcesBuildPhase;
			buildActionMask = 2147483647;
			files = (
				A349D9F12994AB7600FB6CFD /* GreenViewController.swift in Sources */,
				A349D9C52994A61D00FB6CFD /* ViewController.swift in Sources */,
				A349D9F32994AC8100FB6CFD /* BlueViewController.swift in Sources */,
				A349D9C32994A61D00FB6CFD /* AppDelegate.swift in Sources */,
			);
			runOnlyForDeploymentPostprocessing = 0;
		};
		A349D9CF2994A61E00FB6CFD /* Sources */ = {
			isa = PBXSourcesBuildPhase;
			buildActionMask = 2147483647;
			files = (
				A349D9D82994A61E00FB6CFD /* Lab04Tests.swift in Sources */,
			);
			runOnlyForDeploymentPostprocessing = 0;
		};
		A349D9DA2994A61F00FB6CFD /* Sources */ = {
			isa = PBXSourcesBuildPhase;
			buildActionMask = 2147483647;
			files = (
				A349D9E32994A61F00FB6CFD /* Lab04UITests.swift in Sources */,
			);
			runOnlyForDeploymentPostprocessing = 0;
		};
/* End PBXSourcesBuildPhase section */

/* Begin PBXTargetDependency section */
		A349D9D52994A61E00FB6CFD /* PBXTargetDependency */ = {
			isa = PBXTargetDependency;
			target = A349D9BE2994A61D00FB6CFD /* Lab04 */;
			targetProxy = A349D9D42994A61E00FB6CFD /* PBXContainerItemProxy */;
		};
		A349D9E02994A61F00FB6CFD /* PBXTargetDependency */ = {
			isa = PBXTargetDependency;
			target = A349D9BE2994A61D00FB6CFD /* Lab04 */;
			targetProxy = A349D9DF2994A61F00FB6CFD /* PBXContainerItemProxy */;
		};
/* End PBXTargetDependency section */

/* Begin PBXVariantGroup section */
		A349D9C62994A61D00FB6CFD /* Main.storyboard */ = {
			isa = PBXVariantGroup;
			children = (
				A349D9C72994A61D00FB6CFD /* Base */,
			);
			name = Main.storyboard;
			sourceTree = "<group>";
		};
		A349D9CB2994A61E00FB6CFD /* LaunchScreen.storyboard */ = {
			isa = PBXVariantGroup;
			children = (
				A349D9CC2994A61E00FB6CFD /* Base */,
			);
			name = LaunchScreen.storyboard;
			sourceTree = "<group>";
		};
/* End PBXVariantGroup section */

/* Begin XCBuildConfiguration section */
		A349D9E52994A61F00FB6CFD /* Debug */ = {
			isa = XCBuildConfiguration;
			buildSettings = {
				ALWAYS_SEARCH_USER_PATHS = NO;
				CLANG_ANALYZER_NONNULL = YES;
				CLANG_ANALYZER_NUMBER_OBJECT_CONVERSION = YES_AGGRESSIVE;
				CLANG_CXX_LANGUAGE_STANDARD = "gnu++14";
				CLANG_CXX_LIBRARY = "libc++";
				CLANG_ENABLE_MODULES = YES;
				CLANG_ENABLE_OBJC_ARC = YES;
				CLANG_ENABLE_OBJC_WEAK = YES;
				CLANG_WARN_BLOCK_CAPTURE_AUTORELEASING = YES;
				CLANG_WARN_BOOL_CONVERSION = YES;
				CLANG_WARN_COMMA = YES;
				CLANG_WARN_CONSTANT_CONVERSION = YES;
				CLANG_WARN_DEPRECATED_OBJC_IMPLEMENTATIONS = YES;
				CLANG_WARN_DIRECT_OBJC_ISA_USAGE = YES_ERROR;
				CLANG_WARN_DOCUMENTATION_COMMENTS = YES;
				CLANG_WARN_EMPTY_BODY = YES;
				CLANG_WARN_ENUM_CONVERSION = YES;
				CLANG_WARN_INFINITE_RECURSION = YES;
				CLANG_WARN_INT_CONVERSION = YES;
				CLANG_WARN_NON_LITERAL_NULL_CONVERSION = YES;
				CLANG_WARN_OBJC_IMPLICIT_RETAIN_SELF = YES;
				CLANG_WARN_OBJC_LITERAL_CONVERSION = YES;
				CLANG_WARN_OBJC_ROOT_CLASS = YES_ERROR;
				CLANG_WARN_RANGE_LOOP_ANALYSIS = YES;
				CLANG_WARN_STRICT_PROTOTYPES = YES;
				CLANG_WARN_SUSPICIOUS_MOVE = YES;
				CLANG_WARN_UNGUARDED_AVAILABILITY = YES_AGGRESSIVE;
				CLANG_WARN_UNREACHABLE_CODE = YES;
				CLANG_WARN__DUPLICATE_METHOD_MATCH = YES;
				CODE_SIGN_IDENTITY = "iPhone Developer";
				COPY_PHASE_STRIP = NO;
				DEBUG_INFORMATION_FORMAT = dwarf;
				ENABLE_STRICT_OBJC_MSGSEND = YES;
				ENABLE_TESTABILITY = YES;
				GCC_C_LANGUAGE_STANDARD = gnu11;
				GCC_DYNAMIC_NO_PIC = NO;
				GCC_NO_COMMON_BLOCKS = YES;
				GCC_OPTIMIZATION_LEVEL = 0;
				GCC_PREPROCESSOR_DEFINITIONS = (
					"DEBUG=1",
					"$(inherited)",
				);
				GCC_WARN_64_TO_32_BIT_CONVERSION = YES;
				GCC_WARN_ABOUT_RETURN_TYPE = YES_ERROR;
				GCC_WARN_UNDECLARED_SELECTOR = YES;
				GCC_WARN_UNINITIALIZED_AUTOS = YES_AGGRESSIVE;
				GCC_WARN_UNUSED_FUNCTION = YES;
				GCC_WARN_UNUSED_VARIABLE = YES;
				IPHONEOS_DEPLOYMENT_TARGET = 11.4;
				MTL_ENABLE_DEBUG_INFO = YES;
				ONLY_ACTIVE_ARCH = YES;
				SDKROOT = iphoneos;
				SWIFT_ACTIVE_COMPILATION_CONDITIONS = DEBUG;
				SWIFT_OPTIMIZATION_LEVEL = "-Onone";
			};
			name = Debug;
		};
		A349D9E62994A61F00FB6CFD /* Release */ = {
			isa = XCBuildConfiguration;
			buildSettings = {
				ALWAYS_SEARCH_USER_PATHS = NO;
				CLANG_ANALYZER_NONNULL = YES;
				CLANG_ANALYZER_NUMBER_OBJECT_CONVERSION = YES_AGGRESSIVE;
				CLANG_CXX_LANGUAGE_STANDARD = "gnu++14";
				CLANG_CXX_LIBRARY = "libc++";
				CLANG_ENABLE_MODULES = YES;
				CLANG_ENABLE_OBJC_ARC = YES;
				CLANG_ENABLE_OBJC_WEAK = YES;
				CLANG_WARN_BLOCK_CAPTURE_AUTORELEASING = YES;
				CLANG_WARN_BOOL_CONVERSION = YES;
				CLANG_WARN_COMMA = YES;
				CLANG_WARN_CONSTANT_CONVERSION = YES;
				CLANG_WARN_DEPRECATED_OBJC_IMPLEMENTATIONS = YES;
				CLANG_WARN_DIRECT_OBJC_ISA_USAGE = YES_ERROR;
				CLANG_WARN_DOCUMENTATION_COMMENTS = YES;
				CLANG_WARN_EMPTY_BODY = YES;
				CLANG_WARN_ENUM_CONVERSION = YES;
				CLANG_WARN_INFINITE_RECURSION = YES;
				CLANG_WARN_INT_CONVERSION = YES;
				CLANG_WARN_NON_LITERAL_NULL_CONVERSION = YES;
				CLANG_WARN_OBJC_IMPLICIT_RETAIN_SELF = YES;
				CLANG_WARN_OBJC_LITERAL_CONVERSION = YES;
				CLANG_WARN_OBJC_ROOT_CLASS = YES_ERROR;
				CLANG_WARN_RANGE_LOOP_ANALYSIS = YES;
				CLANG_WARN_STRICT_PROTOTYPES = YES;
				CLANG_WARN_SUSPICIOUS_MOVE = YES;
				CLANG_WARN_UNGUARDED_AVAILABILITY = YES_AGGRESSIVE;
				CLANG_WARN_UNREACHABLE_CODE = YES;
				CLANG_WARN__DUPLICATE_METHOD_MATCH = YES;
				CODE_SIGN_IDENTITY = "iPhone Developer";
				COPY_PHASE_STRIP = NO;
				DEBUG_INFORMATION_FORMAT = "dwarf-with-dsym";
				ENABLE_NS_ASSERTIONS = NO;
				ENABLE_STRICT_OBJC_MSGSEND = YES;
				GCC_C_LANGUAGE_STANDARD = gnu11;
				GCC_NO_COMMON_BLOCKS = YES;
				GCC_WARN_64_TO_32_BIT_CONVERSION = YES;
				GCC_WARN_ABOUT_RETURN_TYPE = YES_ERROR;
				GCC_WARN_UNDECLARED_SELECTOR = YES;
				GCC_WARN_UNINITIALIZED_AUTOS = YES_AGGRESSIVE;
				GCC_WARN_UNUSED_FUNCTION = YES;
				GCC_WARN_UNUSED_VARIABLE = YES;
				IPHONEOS_DEPLOYMENT_TARGET = 11.4;
				MTL_ENABLE_DEBUG_INFO = NO;
				SDKROOT = iphoneos;
				SWIFT_COMPILATION_MODE = wholemodule;
				SWIFT_OPTIMIZATION_LEVEL = "-O";
				VALIDATE_PRODUCT = YES;
			};
			name = Release;
		};
		A349D9E82994A61F00FB6CFD /* Debug */ = {
			isa = XCBuildConfiguration;
			buildSettings = {
				ASSETCATALOG_COMPILER_APPICON_NAME = AppIcon;
				CODE_SIGN_STYLE = Automatic;
				INFOPLIST_FILE = Lab04/Info.plist;
				LD_RUNPATH_SEARCH_PATHS = (
					"$(inherited)",
					"@executable_path/Frameworks",
				);
				PRODUCT_BUNDLE_IDENTIFIER = com.Lab04;
				PRODUCT_NAME = "$(TARGET_NAME)";
				SWIFT_VERSION = 4.0;
				TARGETED_DEVICE_FAMILY = "1,2";
			};
			name = Debug;
		};
		A349D9E92994A61F00FB6CFD /* Release */ = {
			isa = XCBuildConfiguration;
			buildSettings = {
				ASSETCATALOG_COMPILER_APPICON_NAME = AppIcon;
				CODE_SIGN_STYLE = Automatic;
				INFOPLIST_FILE = Lab04/Info.plist;
				LD_RUNPATH_SEARCH_PATHS = (
					"$(inherited)",
					"@executable_path/Frameworks",
				);
				PRODUCT_BUNDLE_IDENTIFIER = com.Lab04;
				PRODUCT_NAME = "$(TARGET_NAME)";
				SWIFT_VERSION = 4.0;
				TARGETED_DEVICE_FAMILY = "1,2";
			};
			name = Release;
		};
		A349D9EB2994A61F00FB6CFD /* Debug */ = {
			isa = XCBuildConfiguration;
			buildSettings = {
				ALWAYS_EMBED_SWIFT_STANDARD_LIBRARIES = YES;
				BUNDLE_LOADER = "$(TEST_HOST)";
				CODE_SIGN_STYLE = Automatic;
				INFOPLIST_FILE = Lab04Tests/Info.plist;
				LD_RUNPATH_SEARCH_PATHS = (
					"$(inherited)",
					"@executable_path/Frameworks",
					"@loader_path/Frameworks",
				);
				PRODUCT_BUNDLE_IDENTIFIER = com.Lab04Tests;
				PRODUCT_NAME = "$(TARGET_NAME)";
				SWIFT_VERSION = 4.0;
				TARGETED_DEVICE_FAMILY = "1,2";
				TEST_HOST = "$(BUILT_PRODUCTS_DIR)/Lab04.app/Lab04";
			};
			name = Debug;
		};
		A349D9EC2994A61F00FB6CFD /* Release */ = {
			isa = XCBuildConfiguration;
			buildSettings = {
				ALWAYS_EMBED_SWIFT_STANDARD_LIBRARIES = YES;
				BUNDLE_LOADER = "$(TEST_HOST)";
				CODE_SIGN_STYLE = Automatic;
				INFOPLIST_FILE = Lab04Tests/Info.plist;
				LD_RUNPATH_SEARCH_PATHS = (
					"$(inherited)",
					"@executable_path/Frameworks",
					"@loader_path/Frameworks",
				);
				PRODUCT_BUNDLE_IDENTIFIER = com.Lab04Tests;
				PRODUCT_NAME = "$(TARGET_NAME)";
				SWIFT_VERSION = 4.0;
				TARGETED_DEVICE_FAMILY = "1,2";
				TEST_HOST = "$(BUILT_PRODUCTS_DIR)/Lab04.app/Lab04";
			};
			name = Release;
		};
		A349D9EE2994A61F00FB6CFD /* Debug */ = {
			isa = XCBuildConfiguration;
			buildSettings = {
				ALWAYS_EMBED_SWIFT_STANDARD_LIBRARIES = YES;
				CODE_SIGN_STYLE = Automatic;
				INFOPLIST_FILE = Lab04UITests/Info.plist;
				LD_RUNPATH_SEARCH_PATHS = (
					"$(inherited)",
					"@executable_path/Frameworks",
					"@loader_path/Frameworks",
				);
				PRODUCT_BUNDLE_IDENTIFIER = com.Lab04UITests;
				PRODUCT_NAME = "$(TARGET_NAME)";
				SWIFT_VERSION = 4.0;
				TARGETED_DEVICE_FAMILY = "1,2";
				TEST_TARGET_NAME = Lab04;
			};
			name = Debug;
		};
		A349D9EF2994A61F00FB6CFD /* Release */ = {
			isa = XCBuildConfiguration;
			buildSettings = {
				ALWAYS_EMBED_SWIFT_STANDARD_LIBRARIES = YES;
				CODE_SIGN_STYLE = Automatic;
				INFOPLIST_FILE = Lab04UITests/Info.plist;
				LD_RUNPATH_SEARCH_PATHS = (
					"$(inherited)",
					"@executable_path/Frameworks",
					"@loader_path/Frameworks",
				);
				PRODUCT_BUNDLE_IDENTIFIER = com.Lab04UITests;
				PRODUCT_NAME = "$(TARGET_NAME)";
				SWIFT_VERSION = 4.0;
				TARGETED_DEVICE_FAMILY = "1,2";
				TEST_TARGET_NAME = Lab04;
			};
			name = Release;
		};
/* End XCBuildConfiguration section */

/* Begin XCConfigurationList section */
		A349D9BA2994A61D00FB6CFD /* Build configuration list for PBXProject "Lab04" */ = {
			isa = XCConfigurationList;
			buildConfigurations = (
				A349D9E52994A61F00FB6CFD /* Debug */,
				A349D9E62994A61F00FB6CFD /* Release */,
			);
			defaultConfigurationIsVisible = 0;
			defaultConfigurationName = Release;
		};
		A349D9E72994A61F00FB6CFD /* Build configuration list for PBXNativeTarget "Lab04" */ = {
			isa = XCConfigurationList;
			buildConfigurations = (
				A349D9E82994A61F00FB6CFD /* Debug */,
				A349D9E92994A61F00FB6CFD /* Release */,
			);
			defaultConfigurationIsVisible = 0;
			defaultConfigurationName = Release;
		};
		A349D9EA2994A61F00FB6CFD /* Build configuration list for PBXNativeTarget "Lab04Tests" */ = {
			isa = XCConfigurationList;
			buildConfigurations = (
				A349D9EB2994A61F00FB6CFD /* Debug */,
				A349D9EC2994A61F00FB6CFD /* Release */,
			);
			defaultConfigurationIsVisible = 0;
			defaultConfigurationName = Release;
		};
		A349D9ED2994A61F00FB6CFD /* Build configuration list for PBXNativeTarget "Lab04UITests" */ = {
			isa = XCConfigurationList;
			buildConfigurations = (
				A349D9EE2994A61F00FB6CFD /* Debug */,
				A349D9EF2994A61F00FB6CFD /* Release */,
			);
			defaultConfigurationIsVisible = 0;
			defaultConfigurationName = Release;
		};
/* End XCConfigurationList section */
	};
	rootObject = A349D9B72994A61D00FB6CFD /* Project object */;
}
